
Microsoft Visual Studio Solution File, Format Version 12.00
# Visual Studio Version 17
VisualStudioVersion = 17.12.35527.113
MinimumVisualStudioVersion = 10.0.40219.1
Project("{8BC9CEB8-8B4A-11D0-8D11-00A0C91BC942}") = "IPServer", "lab3\IPServer\IPServer.vcxproj", "{29AE57C9-3C3C-46EF-882E-117419FD735C}"
	ProjectSection(ProjectDependencies) = postProject
		{133261F7-BAC1-47E4-B8DA-D4EBB67350C6} = {133261F7-BAC1-47E4-B8DA-D4EBB67350C6}
	EndProjectSection
EndProject
Project("{8BC9CEB8-8B4A-11D0-8D11-00A0C91BC942}") = "IPClient", "lab3\IPClient\IPClient.vcxproj", "{C5FDCE3C-70ED-4E49-B0FB-E14F03F61D5B}"
	ProjectSection(ProjectDependencies) = postProject
		{133261F7-BAC1-47E4-B8DA-D4EBB67350C6} = {133261F7-BAC1-47E4-B8DA-D4EBB67350C6}
	EndProjectSection
EndProject
Project("{8BC9CEB8-8B4A-11D0-8D11-00A0C91BC942}") = "UDPClient", "lab4\UDPClient\UDPClient.vcxproj", "{6C149122-A60D-4600-95AC-F855BA734B2C}"
	ProjectSection(ProjectDependencies) = postProject
		{133261F7-BAC1-47E4-B8DA-D4EBB67350C6} = {133261F7-BAC1-47E4-B8DA-D4EBB67350C6}
	EndProjectSection
EndProject
Project("{8BC9CEB8-8B4A-11D0-8D11-00A0C91BC942}") = "UDPServer", "lab4\UDPServer\UDPServer.vcxproj", "{5FBFF204-12C6-4A3C-9D37-CB089F6CF105}"
	ProjectSection(ProjectDependencies) = postProject
		{133261F7-BAC1-47E4-B8DA-D4EBB67350C6} = {133261F7-BAC1-47E4-B8DA-D4EBB67350C6}
	EndProjectSection
EndProject
Project("{8BC9CEB8-8B4A-11D0-8D11-00A0C91BC942}") = "webstur", "src\webstur\webstur.vcxproj", "{133261F7-BAC1-47E4-B8DA-D4EBB67350C6}"
EndProject
Project("{2150E333-8FDC-42A3-9474-1A3956D46DE8}") = "Lab 3", "Lab 3", "{691A8506-74B1-4FEE-A3D3-54DF50BD0A1E}"
EndProject
Project("{2150E333-8FDC-42A3-9474-1A3956D46DE8}") = "Lab 4", "Lab 4", "{5E149F1C-53D2-4DF4-9164-F04F02D5A2F2}"
EndProject
Project("{8BC9CEB8-8B4A-11D0-8D11-00A0C91BC942}") = "TCPServer", "lab4\TCPServer\TCPServer.vcxproj", "{C3D70E21-D8BB-4D49-A0CF-C59F75FAEC38}"
	ProjectSection(ProjectDependencies) = postProject
		{133261F7-BAC1-47E4-B8DA-D4EBB67350C6} = {133261F7-BAC1-47E4-B8DA-D4EBB67350C6}
	EndProjectSection
EndProject
Project("{8BC9CEB8-8B4A-11D0-8D11-00A0C91BC942}") = "TCPClient", "lab4\TCPClient\TCPClient.vcxproj", "{90BDD2ED-1425-4E29-94E4-3E3CA474E1E5}"
	ProjectSection(ProjectDependencies) = postProject
		{133261F7-BAC1-47E4-B8DA-D4EBB67350C6} = {133261F7-BAC1-47E4-B8DA-D4EBB67350C6}
	EndProjectSection
EndProject
Project("{2150E333-8FDC-42A3-9474-1A3956D46DE8}") = "Lab 5", "Lab 5", "{36D591C7-65C7-A0D1-1CBC-10CDE441BDC8}"
EndProject
Project("{8BC9CEB8-8B4A-11D0-8D11-00A0C91BC942}") = "ARP", "lab5\ARP.vcxproj", "{A2B5EAE1-4F26-4669-A86C-F4FBB03E5A00}"
	ProjectSection(ProjectDependencies) = postProject
		{133261F7-BAC1-47E4-B8DA-D4EBB67350C6} = {133261F7-BAC1-47E4-B8DA-D4EBB67350C6}
	EndProjectSection
EndProject
Project("{2150E333-8FDC-42A3-9474-1A3956D46DE8}") = "Lab 6", "Lab 6", "{7AB91112-4211-4E3B-958D-00C74AB673B6}"
EndProject
Project("{8BC9CEB8-8B4A-11D0-8D11-00A0C91BC942}") = "DHCP", "lab6\DHCP.vcxproj", "{3D4EC7EF-5498-46B6-9482-EE9DD0403A8C}"
	ProjectSection(ProjectDependencies) = postProject
		{133261F7-BAC1-47E4-B8DA-D4EBB67350C6} = {133261F7-BAC1-47E4-B8DA-D4EBB67350C6}
	EndProjectSection
EndProject
Global
	GlobalSection(SolutionConfigurationPlatforms) = preSolution
		Debug|x64 = Debug|x64
		Debug|x86 = Debug|x86
		Release|x64 = Release|x64
		Release|x86 = Release|x86
	EndGlobalSection
	GlobalSection(ProjectConfigurationPlatforms) = postSolution
		{29AE57C9-3C3C-46EF-882E-117419FD735C}.Debug|x64.ActiveCfg = Debug|x64
		{29AE57C9-3C3C-46EF-882E-117419FD735C}.Debug|x64.Build.0 = Debug|x64
		{29AE57C9-3C3C-46EF-882E-117419FD735C}.Debug|x86.ActiveCfg = Debug|Win32
		{29AE57C9-3C3C-46EF-882E-117419FD735C}.Debug|x86.Build.0 = Debug|Win32
		{29AE57C9-3C3C-46EF-882E-117419FD735C}.Release|x64.ActiveCfg = Release|x64
		{29AE57C9-3C3C-46EF-882E-117419FD735C}.Release|x64.Build.0 = Release|x64
		{29AE57C9-3C3C-46EF-882E-117419FD735C}.Release|x86.ActiveCfg = Release|Win32
		{29AE57C9-3C3C-46EF-882E-117419FD735C}.Release|x86.Build.0 = Release|Win32
		{C5FDCE3C-70ED-4E49-B0FB-E14F03F61D5B}.Debug|x64.ActiveCfg = Debug|x64
		{C5FDCE3C-70ED-4E49-B0FB-E14F03F61D5B}.Debug|x64.Build.0 = Debug|x64
		{C5FDCE3C-70ED-4E49-B0FB-E14F03F61D5B}.Debug|x86.ActiveCfg = Debug|Win32
		{C5FDCE3C-70ED-4E49-B0FB-E14F03F61D5B}.Debug|x86.Build.0 = Debug|Win32
		{C5FDCE3C-70ED-4E49-B0FB-E14F03F61D5B}.Release|x64.ActiveCfg = Release|x64
		{C5FDCE3C-70ED-4E49-B0FB-E14F03F61D5B}.Release|x64.Build.0 = Release|x64
		{C5FDCE3C-70ED-4E49-B0FB-E14F03F61D5B}.Release|x86.ActiveCfg = Release|Win32
		{C5FDCE3C-70ED-4E49-B0FB-E14F03F61D5B}.Release|x86.Build.0 = Release|Win32
		{6C149122-A60D-4600-95AC-F855BA734B2C}.Debug|x64.ActiveCfg = Debug|x64
		{6C149122-A60D-4600-95AC-F855BA734B2C}.Debug|x64.Build.0 = Debug|x64
		{6C149122-A60D-4600-95AC-F855BA734B2C}.Debug|x86.ActiveCfg = Debug|Win32
		{6C149122-A60D-4600-95AC-F855BA734B2C}.Debug|x86.Build.0 = Debug|Win32
		{6C149122-A60D-4600-95AC-F855BA734B2C}.Release|x64.ActiveCfg = Release|x64
		{6C149122-A60D-4600-95AC-F855BA734B2C}.Release|x64.Build.0 = Release|x64
		{6C149122-A60D-4600-95AC-F855BA734B2C}.Release|x86.ActiveCfg = Release|Win32
		{6C149122-A60D-4600-95AC-F855BA734B2C}.Release|x86.Build.0 = Release|Win32
		{5FBFF204-12C6-4A3C-9D37-CB089F6CF105}.Debug|x64.ActiveCfg = Debug|x64
		{5FBFF204-12C6-4A3C-9D37-CB089F6CF105}.Debug|x64.Build.0 = Debug|x64
		{5FBFF204-12C6-4A3C-9D37-CB089F6CF105}.Debug|x86.ActiveCfg = Debug|Win32
		{5FBFF204-12C6-4A3C-9D37-CB089F6CF105}.Debug|x86.Build.0 = Debug|Win32
		{5FBFF204-12C6-4A3C-9D37-CB089F6CF105}.Release|x64.ActiveCfg = Release|x64
		{5FBFF204-12C6-4A3C-9D37-CB089F6CF105}.Release|x64.Build.0 = Release|x64
		{5FBFF204-12C6-4A3C-9D37-CB089F6CF105}.Release|x86.ActiveCfg = Release|Win32
		{5FBFF204-12C6-4A3C-9D37-CB089F6CF105}.Release|x86.Build.0 = Release|Win32
		{133261F7-BAC1-47E4-B8DA-D4EBB67350C6}.Debug|x64.ActiveCfg = Debug|x64
		{133261F7-BAC1-47E4-B8DA-D4EBB67350C6}.Debug|x64.Build.0 = Debug|x64
		{133261F7-BAC1-47E4-B8DA-D4EBB67350C6}.Debug|x86.ActiveCfg = Debug|Win32
		{133261F7-BAC1-47E4-B8DA-D4EBB67350C6}.Debug|x86.Build.0 = Debug|Win32
		{133261F7-BAC1-47E4-B8DA-D4EBB67350C6}.Release|x64.ActiveCfg = Release|x64
		{133261F7-BAC1-47E4-B8DA-D4EBB67350C6}.Release|x64.Build.0 = Release|x64
		{133261F7-BAC1-47E4-B8DA-D4EBB67350C6}.Release|x86.ActiveCfg = Release|Win32
		{133261F7-BAC1-47E4-B8DA-D4EBB67350C6}.Release|x86.Build.0 = Release|Win32
		{C3D70E21-D8BB-4D49-A0CF-C59F75FAEC38}.Debug|x64.ActiveCfg = Debug|x64
		{C3D70E21-D8BB-4D49-A0CF-C59F75FAEC38}.Debug|x64.Build.0 = Debug|x64
		{C3D70E21-D8BB-4D49-A0CF-C59F75FAEC38}.Debug|x86.ActiveCfg = Debug|Win32
		{C3D70E21-D8BB-4D49-A0CF-C59F75FAEC38}.Debug|x86.Build.0 = Debug|Win32
		{C3D70E21-D8BB-4D49-A0CF-C59F75FAEC38}.Release|x64.ActiveCfg = Release|x64
		{C3D70E21-D8BB-4D49-A0CF-C59F75FAEC38}.Release|x64.Build.0 = Release|x64
		{C3D70E21-D8BB-4D49-A0CF-C59F75FAEC38}.Release|x86.ActiveCfg = Release|Win32
		{C3D70E21-D8BB-4D49-A0CF-C59F75FAEC38}.Release|x86.Build.0 = Release|Win32
		{90BDD2ED-1425-4E29-94E4-3E3CA474E1E5}.Debug|x64.ActiveCfg = Debug|x64
		{90BDD2ED-1425-4E29-94E4-3E3CA474E1E5}.Debug|x64.Build.0 = Debug|x64
		{90BDD2ED-1425-4E29-94E4-3E3CA474E1E5}.Debug|x86.ActiveCfg = Debug|Win32
		{90BDD2ED-1425-4E29-94E4-3E3CA474E1E5}.Debug|x86.Build.0 = Debug|Win32
		{90BDD2ED-1425-4E29-94E4-3E3CA474E1E5}.Release|x64.ActiveCfg = Release|x64
		{90BDD2ED-1425-4E29-94E4-3E3CA474E1E5}.Release|x64.Build.0 = Release|x64
		{90BDD2ED-1425-4E29-94E4-3E3CA474E1E5}.Release|x86.ActiveCfg = Release|Win32
		{90BDD2ED-1425-4E29-94E4-3E3CA474E1E5}.Release|x86.Build.0 = Release|Win32
		{A2B5EAE1-4F26-4669-A86C-F4FBB03E5A00}.Debug|x64.ActiveCfg = Debug|x64
		{A2B5EAE1-4F26-4669-A86C-F4FBB03E5A00}.Debug|x64.Build.0 = Debug|x64
		{A2B5EAE1-4F26-4669-A86C-F4FBB03E5A00}.Debug|x86.ActiveCfg = Debug|Win32
		{A2B5EAE1-4F26-4669-A86C-F4FBB03E5A00}.Debug|x86.Build.0 = Debug|Win32
		{A2B5EAE1-4F26-4669-A86C-F4FBB03E5A00}.Release|x64.ActiveCfg = Release|x64
		{A2B5EAE1-4F26-4669-A86C-F4FBB03E5A00}.Release|x64.Build.0 = Release|x64
		{A2B5EAE1-4F26-4669-A86C-F4FBB03E5A00}.Release|x86.ActiveCfg = Release|Win32
		{A2B5EAE1-4F26-4669-A86C-F4FBB03E5A00}.Release|x86.Build.0 = Release|Win32
		{3D4EC7EF-5498-46B6-9482-EE9DD0403A8C}.Debug|x64.ActiveCfg = Debug|x64
		{3D4EC7EF-5498-46B6-9482-EE9DD0403A8C}.Debug|x64.Build.0 = Debug|x64
		{3D4EC7EF-5498-46B6-9482-EE9DD0403A8C}.Debug|x86.ActiveCfg = Debug|Win32
		{3D4EC7EF-5498-46B6-9482-EE9DD0403A8C}.Debug|x86.Build.0 = Debug|Win32
		{3D4EC7EF-5498-46B6-9482-EE9DD0403A8C}.Release|x64.ActiveCfg = Release|x64
		{3D4EC7EF-5498-46B6-9482-EE9DD0403A8C}.Release|x64.Build.0 = Release|x64
		{3D4EC7EF-5498-46B6-9482-EE9DD0403A8C}.Release|x86.ActiveCfg = Release|Win32
		{3D4EC7EF-5498-46B6-9482-EE9DD0403A8C}.Release|x86.Build.0 = Release|Win32
	EndGlobalSection
	GlobalSection(SolutionProperties) = preSolution
		HideSolutionNode = FALSE
	EndGlobalSection
	GlobalSection(NestedProjects) = preSolution
		{29AE57C9-3C3C-46EF-882E-117419FD735C} = {691A8506-74B1-4FEE-A3D3-54DF50BD0A1E}
		{C5FDCE3C-70ED-4E49-B0FB-E14F03F61D5B} = {691A8506-74B1-4FEE-A3D3-54DF50BD0A1E}
		{6C149122-A60D-4600-95AC-F855BA734B2C} = {5E149F1C-53D2-4DF4-9164-F04F02D5A2F2}
		{5FBFF204-12C6-4A3C-9D37-CB089F6CF105} = {5E149F1C-53D2-4DF4-9164-F04F02D5A2F2}
		{C3D70E21-D8BB-4D49-A0CF-C59F75FAEC38} = {5E149F1C-53D2-4DF4-9164-F04F02D5A2F2}
		{90BDD2ED-1425-4E29-94E4-3E3CA474E1E5} = {5E149F1C-53D2-4DF4-9164-F04F02D5A2F2}
		{A2B5EAE1-4F26-4669-A86C-F4FBB03E5A00} = {36D591C7-65C7-A0D1-1CBC-10CDE441BDC8}
		{3D4EC7EF-5498-46B6-9482-EE9DD0403A8C} = {7AB91112-4211-4E3B-958D-00C74AB673B6}
	EndGlobalSection
	GlobalSection(ExtensibilityGlobals) = postSolution
		SolutionGuid = {69A4F697-5E93-4BEE-BACC-66606D14AACD}
	EndGlobalSection
EndGlobal
